[[package]]
name = "asn1crypto"
version = "1.5.1"
description = "Fast ASN.1 parser and serializer with definitions for private keys, public keys, certificates, CRL, OCSP, CMS, PKCS#3, PKCS#7, PKCS#8, PKCS#12, PKCS#5, X.509 and TSP"
category = "main"
optional = false
python-versions = "*"

[[package]]
name = "cffi"
version = "1.15.0"
description = "Foreign Function Interface for Python calling C code."
category = "main"
optional = false
python-versions = "*"

[package.dependencies]
pycparser = "*"

[[package]]
name = "coincurve"
version = "17.0.0"
description = "Cross-platform Python CFFI bindings for libsecp256k1"
category = "main"
optional = false
python-versions = ">=3.7"

[package.dependencies]
asn1crypto = "*"
cffi = ">=1.3.0"

[[package]]
name = "eth-hash"
version = "0.3.2"
description = "eth-hash: The Ethereum hashing function, keccak256, sometimes (erroneously) called sha3"
category = "main"
optional = false
python-versions = ">=3.5, <4"

[package.extras]
dev = ["bumpversion (>=0.5.3,<1)", "pytest-watch (>=4.1.0,<5)", "wheel", "twine", "ipython", "pytest (==5.4.1)", "pytest-xdist", "tox (==3.14.6)", "flake8 (==3.7.9)", "isort (>=4.2.15,<5)", "mypy (==0.770)", "pydocstyle (>=5.0.0,<6)", "Sphinx (>=1.6.5,<2)", "sphinx-rtd-theme (>=0.1.9,<1)", "towncrier (>=19.2.0,<20)"]
doc = ["Sphinx (>=1.6.5,<2)", "sphinx-rtd-theme (>=0.1.9,<1)", "towncrier (>=19.2.0,<20)"]
lint = ["flake8 (==3.7.9)", "isort (>=4.2.15,<5)", "mypy (==0.770)", "pydocstyle (>=5.0.0,<6)"]
pycryptodome = ["pycryptodome (>=3.6.6,<4)"]
pysha3 = ["pysha3 (>=1.0.0,<2.0.0)"]
test = ["pytest (==5.4.1)", "pytest-xdist", "tox (==3.14.6)"]

[[package]]
name = "pycparser"
version = "2.21"
description = "C parser in Python"
category = "main"
optional = false
python-versions = ">=2.7, !=3.0.*, !=3.1.*, !=3.2.*, !=3.3.*"

[[package]]
name = "pycryptodome"
version = "3.14.1"
description = "Cryptographic library for Python"
category = "main"
optional = false
python-versions = ">=2.7, !=3.0.*, !=3.1.*, !=3.2.*, !=3.3.*, !=3.4.*"

[metadata]
lock-version = "1.1"
python-versions = "~3.9"
content-hash = "0c4211c32af6c790dcd2ccffd5fc49368c15cd237eeffeb7c55db92dd22e7ad6"

[metadata.files]
asn1crypto = [
    {file = "asn1crypto-1.5.1-py2.py3-none-any.whl", hash = "sha256:db4e40728b728508912cbb3d44f19ce188f218e9eba635821bb4b68564f8fd67"},
    {file = "asn1crypto-1.5.1.tar.gz", hash = "sha256:13ae38502be632115abf8a24cbe5f4da52e3b5231990aff31123c805306ccb9c"},
]
cffi = [
    {file = "cffi-1.15.0-cp27-cp27m-macosx_10_9_x86_64.whl", hash = "sha256:c2502a1a03b6312837279c8c1bd3ebedf6c12c4228ddbad40912d671ccc8a962"},
    {file = "cffi-1.15.0-cp27-cp27m-manylinux1_i686.whl", hash = "sha256:23cfe892bd5dd8941608f93348c0737e369e51c100d03718f108bf1add7bd6d0"},
    {file = "cffi-1.15.0-cp27-cp27m-manylinux1_x86_64.whl", hash = "sha256:41d45de54cd277a7878919867c0f08b0cf817605e4eb94093e7516505d3c8d14"},
    {file = "cffi-1.15.0-cp27-cp27m-win32.whl", hash = "sha256:4a306fa632e8f0928956a41fa8e1d6243c71e7eb59ffbd165fc0b41e316b2474"},
    {file = "cffi-1.15.0-cp27-cp27m-win_amd64.whl", hash = "sha256:e7022a66d9b55e93e1a845d8c9eba2a1bebd4966cd8bfc25d9cd07d515b33fa6"},
    {file = "cffi-1.15.0-cp27-cp27mu-manylinux1_i686.whl", hash = "sha256:14cd121ea63ecdae71efa69c15c5543a4b5fbcd0bbe2aad864baca0063cecf27"},
    {file = "cffi-1.15.0-cp27-cp27mu-manylinux1_x86_64.whl", hash = "sha256:d4d692a89c5cf08a8557fdeb329b82e7bf609aadfaed6c0d79f5a449a3c7c023"},
    {file = "cffi-1.15.0-cp310-cp310-macosx_10_9_x86_64.whl", hash = "sha256:0104fb5ae2391d46a4cb082abdd5c69ea4eab79d8d44eaaf79f1b1fd806ee4c2"},
    {file = "cffi-1.15.0-cp310-cp310-macosx_11_0_arm64.whl", hash = "sha256:91ec59c33514b7c7559a6acda53bbfe1b283949c34fe7440bcf917f96ac0723e"},
    {file = "cffi-1.15.0-cp310-cp310-manylinux_2_12_i686.manylinux2010_i686.whl", hash = "sha256:f5c7150ad32ba43a07c4479f40241756145a1f03b43480e058cfd862bf5041c7"},
    {file = "cffi-1.15.0-cp310-cp310-manylinux_2_12_x86_64.manylinux2010_x86_64.whl", hash = "sha256:00c878c90cb53ccfaae6b8bc18ad05d2036553e6d9d1d9dbcf323bbe83854ca3"},
    {file = "cffi-1.15.0-cp310-cp310-manylinux_2_17_aarch64.manylinux2014_aarch64.whl", hash = "sha256:abb9a20a72ac4e0fdb50dae135ba5e77880518e742077ced47eb1499e29a443c"},
    {file = "cffi-1.15.0-cp310-cp310-manylinux_2_17_ppc64le.manylinux2014_ppc64le.whl", hash = "sha256:a5263e363c27b653a90078143adb3d076c1a748ec9ecc78ea2fb916f9b861962"},
    {file = "cffi-1.15.0-cp310-cp310-manylinux_2_17_s390x.manylinux2014_s390x.whl", hash = "sha256:f54a64f8b0c8ff0b64d18aa76675262e1700f3995182267998c31ae974fbc382"},
    {file = "cffi-1.15.0-cp310-cp310-win32.whl", hash = "sha256:c21c9e3896c23007803a875460fb786118f0cdd4434359577ea25eb556e34c55"},
    {file = "cffi-1.15.0-cp310-cp310-win_amd64.whl", hash = "sha256:5e069f72d497312b24fcc02073d70cb989045d1c91cbd53979366077959933e0"},
    {file = "cffi-1.15.0-cp36-cp36m-macosx_10_9_x86_64.whl", hash = "sha256:64d4ec9f448dfe041705426000cc13e34e6e5bb13736e9fd62e34a0b0c41566e"},
    {file = "cffi-1.15.0-cp36-cp36m-manylinux_2_17_aarch64.manylinux2014_aarch64.whl", hash = "sha256:2756c88cbb94231c7a147402476be2c4df2f6078099a6f4a480d239a8817ae39"},
    {file = "cffi-1.15.0-cp36-cp36m-manylinux_2_17_ppc64le.manylinux2014_ppc64le.whl", hash = "sha256:3b96a311ac60a3f6be21d2572e46ce67f09abcf4d09344c49274eb9e0bf345fc"},
    {file = "cffi-1.15.0-cp36-cp36m-manylinux_2_17_s390x.manylinux2014_s390x.whl", hash = "sha256:75e4024375654472cc27e91cbe9eaa08567f7fbdf822638be2814ce059f58032"},
    {file = "cffi-1.15.0-cp36-cp36m-manylinux_2_5_i686.manylinux1_i686.whl", hash = "sha256:59888172256cac5629e60e72e86598027aca6bf01fa2465bdb676d37636573e8"},
    {file = "cffi-1.15.0-cp36-cp36m-manylinux_2_5_x86_64.manylinux1_x86_64.whl", hash = "sha256:27c219baf94952ae9d50ec19651a687b826792055353d07648a5695413e0c605"},
    {file = "cffi-1.15.0-cp36-cp36m-win32.whl", hash = "sha256:4958391dbd6249d7ad855b9ca88fae690783a6be9e86df65865058ed81fc860e"},
    {file = "cffi-1.15.0-cp36-cp36m-win_amd64.whl", hash = "sha256:f6f824dc3bce0edab5f427efcfb1d63ee75b6fcb7282900ccaf925be84efb0fc"},
    {file = "cffi-1.15.0-cp37-cp37m-macosx_10_9_x86_64.whl", hash = "sha256:06c48159c1abed75c2e721b1715c379fa3200c7784271b3c46df01383b593636"},
    {file = "cffi-1.15.0-cp37-cp37m-manylinux_2_12_i686.manylinux2010_i686.whl", hash = "sha256:c2051981a968d7de9dd2d7b87bcb9c939c74a34626a6e2f8181455dd49ed69e4"},
    {file = "cffi-1.15.0-cp37-cp37m-manylinux_2_12_x86_64.manylinux2010_x86_64.whl", hash = "sha256:fd8a250edc26254fe5b33be00402e6d287f562b6a5b2152dec302fa15bb3e997"},
    {file = "cffi-1.15.0-cp37-cp37m-manylinux_2_17_aarch64.manylinux2014_aarch64.whl", hash = "sha256:91d77d2a782be4274da750752bb1650a97bfd8f291022b379bb8e01c66b4e96b"},
    {file = "cffi-1.15.0-cp37-cp37m-manylinux_2_17_ppc64le.manylinux2014_ppc64le.whl", hash = "sha256:45db3a33139e9c8f7c09234b5784a5e33d31fd6907800b316decad50af323ff2"},
    {file = "cffi-1.15.0-cp37-cp37m-manylinux_2_17_s390x.manylinux2014_s390x.whl", hash = "sha256:263cc3d821c4ab2213cbe8cd8b355a7f72a8324577dc865ef98487c1aeee2bc7"},
    {file = "cffi-1.15.0-cp37-cp37m-win32.whl", hash = "sha256:17771976e82e9f94976180f76468546834d22a7cc404b17c22df2a2c81db0c66"},
    {file = "cffi-1.15.0-cp37-cp37m-win_amd64.whl", hash = "sha256:3415c89f9204ee60cd09b235810be700e993e343a408693e80ce7f6a40108029"},
    {file = "cffi-1.15.0-cp38-cp38-macosx_10_9_x86_64.whl", hash = "sha256:4238e6dab5d6a8ba812de994bbb0a79bddbdf80994e4ce802b6f6f3142fcc880"},
    {file = "cffi-1.15.0-cp38-cp38-manylinux_2_12_i686.manylinux2010_i686.whl", hash = "sha256:0808014eb713677ec1292301ea4c81ad277b6cdf2fdd90fd540af98c0b101d20"},
    {file = "cffi-1.15.0-cp38-cp38-manylinux_2_12_x86_64.manylinux2010_x86_64.whl", hash = "sha256:57e9ac9ccc3101fac9d6014fba037473e4358ef4e89f8e181f8951a2c0162024"},
    {file = "cffi-1.15.0-cp38-cp38-manylinux_2_17_aarch64.manylinux2014_aarch64.whl", hash = "sha256:8b6c2ea03845c9f501ed1313e78de148cd3f6cad741a75d43a29b43da27f2e1e"},
    {file = "cffi-1.15.0-cp38-cp38-manylinux_2_17_ppc64le.manylinux2014_ppc64le.whl", hash = "sha256:10dffb601ccfb65262a27233ac273d552ddc4d8ae1bf93b21c94b8511bffe728"},
    {file = "cffi-1.15.0-cp38-cp38-manylinux_2_17_s390x.manylinux2014_s390x.whl", hash = "sha256:786902fb9ba7433aae840e0ed609f45c7bcd4e225ebb9c753aa39725bb3e6ad6"},
    {file = "cffi-1.15.0-cp38-cp38-win32.whl", hash = "sha256:da5db4e883f1ce37f55c667e5c0de439df76ac4cb55964655906306918e7363c"},
    {file = "cffi-1.15.0-cp38-cp38-win_amd64.whl", hash = "sha256:181dee03b1170ff1969489acf1c26533710231c58f95534e3edac87fff06c443"},
    {file = "cffi-1.15.0-cp39-cp39-macosx_10_9_x86_64.whl", hash = "sha256:45e8636704eacc432a206ac7345a5d3d2c62d95a507ec70d62f23cd91770482a"},
    {file = "cffi-1.15.0-cp39-cp39-macosx_11_0_arm64.whl", hash = "sha256:31fb708d9d7c3f49a60f04cf5b119aeefe5644daba1cd2a0fe389b674fd1de37"},
    {file = "cffi-1.15.0-cp39-cp39-manylinux_2_12_i686.manylinux2010_i686.whl", hash = "sha256:6dc2737a3674b3e344847c8686cf29e500584ccad76204efea14f451d4cc669a"},
    {file = "cffi-1.15.0-cp39-cp39-manylinux_2_12_x86_64.manylinux2010_x86_64.whl", hash = "sha256:74fdfdbfdc48d3f47148976f49fab3251e550a8720bebc99bf1483f5bfb5db3e"},
    {file = "cffi-1.15.0-cp39-cp39-manylinux_2_17_aarch64.manylinux2014_aarch64.whl", hash = "sha256:ffaa5c925128e29efbde7301d8ecaf35c8c60ffbcd6a1ffd3a552177c8e5e796"},
    {file = "cffi-1.15.0-cp39-cp39-manylinux_2_17_ppc64le.manylinux2014_ppc64le.whl", hash = "sha256:3f7d084648d77af029acb79a0ff49a0ad7e9d09057a9bf46596dac9514dc07df"},
    {file = "cffi-1.15.0-cp39-cp39-manylinux_2_17_s390x.manylinux2014_s390x.whl", hash = "sha256:ef1f279350da2c586a69d32fc8733092fd32cc8ac95139a00377841f59a3f8d8"},
    {file = "cffi-1.15.0-cp39-cp39-win32.whl", hash = "sha256:2a23af14f408d53d5e6cd4e3d9a24ff9e05906ad574822a10563efcef137979a"},
    {file = "cffi-1.15.0-cp39-cp39-win_amd64.whl", hash = "sha256:3773c4d81e6e818df2efbc7dd77325ca0dcb688116050fb2b3011218eda36139"},
    {file = "cffi-1.15.0.tar.gz", hash = "sha256:920f0d66a896c2d99f0adbb391f990a84091179542c205fa53ce5787aff87954"},
]
coincurve = [
    {file = "coincurve-17.0.0-cp310-cp310-macosx_10_9_x86_64.whl", hash = "sha256:ac8c87d6fd080faa74e7ecf64a6ed20c11a254863238759eb02c3f13ad12b0c4"},
    {file = "coincurve-17.0.0-cp310-cp310-macosx_11_0_arm64.whl", hash = "sha256:25dfa105beba24c8de886f8ed654bb1133866e4e22cfd7ea5ad8438cae6ed924"},
    {file = "coincurve-17.0.0-cp310-cp310-manylinux_2_17_aarch64.manylinux2014_aarch64.whl", hash = "sha256:698efdd53e4fe1bbebaee9b75cbc851be617974c1c60098e9145cb7198ae97fb"},
    {file = "coincurve-17.0.0-cp310-cp310-manylinux_2_17_x86_64.manylinux2014_x86_64.whl", hash = "sha256:30dd44d1039f1d237aaa2da6d14a455ca88df3bcb00610b41f3253fdca1be97b"},
    {file = "coincurve-17.0.0-cp310-cp310-manylinux_2_5_i686.manylinux1_i686.manylinux_2_17_i686.manylinux2014_i686.whl", hash = "sha256:d154e2eb5711db8c5ef52fcd80935b5a0e751c057bc6ffb215a7bb409aedef03"},
    {file = "coincurve-17.0.0-cp310-cp310-musllinux_1_1_aarch64.whl", hash = "sha256:c71caffb97dd3d0c243beb62352669b1e5dafa3a4bccdbb27d36bd82f5e65d20"},
    {file = "coincurve-17.0.0-cp310-cp310-musllinux_1_1_i686.whl", hash = "sha256:747215254e51dd4dfbe6dded9235491263da5d88fe372d66541ca16b51ea078f"},
    {file = "coincurve-17.0.0-cp310-cp310-musllinux_1_1_x86_64.whl", hash = "sha256:ad2f6df39ba1e2b7b14bb984505ffa7d0a0ecdd697e8d7dbd19e04bc245c87ed"},
    {file = "coincurve-17.0.0-cp37-cp37m-macosx_10_9_x86_64.whl", hash = "sha256:0503326963916c85b61d16f611ea0545f03c9e418fa8007c233c815429e381e8"},
    {file = "coincurve-17.0.0-cp37-cp37m-manylinux_2_17_aarch64.manylinux2014_aarch64.whl", hash = "sha256:1013c1597b65684ae1c3e42497f9ef5a04527fa6136a84a16b34602606428c74"},
    {file = "coincurve-17.0.0-cp37-cp37m-manylinux_2_17_x86_64.manylinux2014_x86_64.whl", hash = "sha256:e4beef321fd6434448aab03a0c245f31c4e77f43b54b82108c0948d29852ac7e"},
    {file = "coincurve-17.0.0-cp37-cp37m-manylinux_2_5_i686.manylinux1_i686.manylinux_2_17_i686.manylinux2014_i686.whl", hash = "sha256:f47806527d3184da3e8b146fac92a8ed567bbd225194f4517943d8cdc85f9542"},
    {file = "coincurve-17.0.0-cp37-cp37m-musllinux_1_1_aarch64.whl", hash = "sha256:51e56373ac79f4ec1cfc5da53d72c55f5e5ac28d848b0849ef5e687ace857888"},
    {file = "coincurve-17.0.0-cp37-cp37m-musllinux_1_1_i686.whl", hash = "sha256:3d694ad194bee9e8792e2e75879dc5238d8a184010cde36c5ad518fcfe2cd8f2"},
    {file = "coincurve-17.0.0-cp37-cp37m-musllinux_1_1_x86_64.whl", hash = "sha256:74cedb3d3a1dc5abe0c9c2396e1b82cc64496babc5b42e007e72e185cb1edad8"},
    {file = "coincurve-17.0.0-cp38-cp38-macosx_10_9_x86_64.whl", hash = "sha256:db874c5c1dcb1f3a19379773b5e8cffc777625a7a7a60dd9a67206e31e62e2e9"},
    {file = "coincurve-17.0.0-cp38-cp38-macosx_11_0_arm64.whl", hash = "sha256:896b01941254f0a218cf331a9bddfe2d43892f7f1ba10d6e372e2eb744a744c2"},
    {file = "coincurve-17.0.0-cp38-cp38-manylinux_2_17_aarch64.manylinux2014_aarch64.whl", hash = "sha256:6aec70238dbe7a5d66b5f9438ff45b08eb5e0990d49c32ebb65247c5d5b89d7a"},
    {file = "coincurve-17.0.0-cp38-cp38-manylinux_2_17_x86_64.manylinux2014_x86_64.whl", hash = "sha256:d24284d17162569df917a640f19d9654ba3b43cf560ced8864f270da903f73a5"},
    {file = "coincurve-17.0.0-cp38-cp38-manylinux_2_5_i686.manylinux1_i686.manylinux_2_17_i686.manylinux2014_i686.whl", hash = "sha256:4ea057f777842396d387103c606babeb3a1b4c6126769cc0a12044312fc6c465"},
    {file = "coincurve-17.0.0-cp38-cp38-musllinux_1_1_aarch64.whl", hash = "sha256:b88642edf7f281649b0c0b6ffade051945ccceae4b885e40445634877d0b3049"},
    {file = "coincurve-17.0.0-cp38-cp38-musllinux_1_1_i686.whl", hash = "sha256:a80a207131813b038351c5bdae8f20f5f774bbf53622081f208d040dd2b7528f"},
    {file = "coincurve-17.0.0-cp38-cp38-musllinux_1_1_x86_64.whl", hash = "sha256:f1ef72574aa423bc33665ef4be859164a478bad24d48442da874ef3dc39a474d"},
    {file = "coincurve-17.0.0-cp39-cp39-macosx_10_9_x86_64.whl", hash = "sha256:dfd4fab857bcd975edc39111cb5f5c104f138dac2e9ace35ea8434d37bcea3be"},
    {file = "coincurve-17.0.0-cp39-cp39-macosx_11_0_arm64.whl", hash = "sha256:73f39579dd651a9fc29da5a8fc0d8153d872bcbc166f876457baced1a1c01501"},
    {file = "coincurve-17.0.0-cp39-cp39-manylinux_2_17_aarch64.manylinux2014_aarch64.whl", hash = "sha256:8852dc01af4f0fe941ffd04069f7e4fecdce9b867a016f823a02286a1a1f07b5"},
    {file = "coincurve-17.0.0-cp39-cp39-manylinux_2_17_x86_64.manylinux2014_x86_64.whl", hash = "sha256:b1bef812da1da202cdd601a256825abcf26d86e8634fac3ec3e615e3bb3ff08c"},
    {file = "coincurve-17.0.0-cp39-cp39-manylinux_2_5_i686.manylinux1_i686.manylinux_2_17_i686.manylinux2014_i686.whl", hash = "sha256:abbefc9ccb170cb255a31df32457c2e43084b9f37589d0694dacc2dea6ddaf7c"},
    {file = "coincurve-17.0.0-cp39-cp39-musllinux_1_1_aarch64.whl", hash = "sha256:abbd9d017a7638dc38a3b9bb4851f8801b7818d4e5ac22e0c75e373b3c1dbff0"},
    {file = "coincurve-17.0.0-cp39-cp39-musllinux_1_1_i686.whl", hash = "sha256:e2c2e8a1f0b1f8e48049c891af4ae3cad65d115d358bde72f6b8abdbb8a23170"},
    {file = "coincurve-17.0.0-cp39-cp39-musllinux_1_1_x86_64.whl", hash = "sha256:8c571445b166c714af4f8155e38a894376c16c0431e88963f2fff474a9985d87"},
    {file = "coincurve-17.0.0-py3-none-win32.whl", hash = "sha256:b956b0b2c85e25a7d00099970ff5d8338254b45e46f0a940f4a2379438ce0dde"},
    {file = "coincurve-17.0.0-py3-none-win_amd64.whl", hash = "sha256:630388080da3026e0b0176cc6762eaabecba857ee3fc85767577dea063ea7c6e"},
    {file = "coincurve-17.0.0.tar.gz", hash = "sha256:68da55aff898702952fda3ee04fd6ed60bb6b91f919c69270786ed766b548b93"},
]
eth-hash = [
    {file = "eth-hash-0.3.2.tar.gz", hash = "sha256:3f40cecd5ead88184aa9550afc19d057f103728108c5102f592f8415949b5a76"},
    {file = "eth_hash-0.3.2-py3-none-any.whl", hash = "sha256:de7385148a8e0237ba1240cddbc06d53f56731140f8593bdb8429306f6b42271"},
]
pycparser = [
    {file = "pycparser-2.21-py2.py3-none-any.whl", hash = "sha256:8ee45429555515e1f6b185e78100aea234072576aa43ab53aefcae078162fca9"},
    {file = "pycparser-2.21.tar.gz", hash = "sha256:e644fdec12f7872f86c58ff790da456218b10f863970249516d60a5eaca77206"},
]
pycryptodome = [
    {file = "pycryptodome-3.14.1-cp27-cp27m-macosx_10_9_x86_64.whl", hash = "sha256:75a3a364fee153e77ed889c957f6f94ec6d234b82e7195b117180dcc9fc16f96"},
    {file = "pycryptodome-3.14.1-cp27-cp27m-manylinux1_i686.whl", hash = "sha256:aae395f79fa549fb1f6e3dc85cf277f0351e15a22e6547250056c7f0c990d6a5"},
    {file = "pycryptodome-3.14.1-cp27-cp27m-manylinux1_x86_64.whl", hash = "sha256:f403a3e297a59d94121cb3ee4b1cf41f844332940a62d71f9e4a009cc3533493"},
    {file = "pycryptodome-3.14.1-cp27-cp27m-manylinux2010_i686.whl", hash = "sha256:ce7a875694cd6ccd8682017a7c06c6483600f151d8916f2b25cf7a439e600263"},
    {file = "pycryptodome-3.14.1-cp27-cp27m-manylinux2010_x86_64.whl", hash = "sha256:a36ab51674b014ba03da7f98b675fcb8eabd709a2d8e18219f784aba2db73b72"},
    {file = "pycryptodome-3.14.1-cp27-cp27m-manylinux2014_aarch64.whl", hash = "sha256:50a5346af703330944bea503106cd50c9c2212174cfcb9939db4deb5305a8367"},
    {file = "pycryptodome-3.14.1-cp27-cp27m-win32.whl", hash = "sha256:36e3242c4792e54ed906c53f5d840712793dc68b726ec6baefd8d978c5282d30"},
    {file = "pycryptodome-3.14.1-cp27-cp27m-win_amd64.whl", hash = "sha256:c880a98376939165b7dc504559f60abe234b99e294523a273847f9e7756f4132"},
    {file = "pycryptodome-3.14.1-cp27-cp27mu-manylinux1_i686.whl", hash = "sha256:dcd65355acba9a1d0fc9b923875da35ed50506e339b35436277703d7ace3e222"},
    {file = "pycryptodome-3.14.1-cp27-cp27mu-manylinux1_x86_64.whl", hash = "sha256:766a8e9832128c70012e0c2b263049506cbf334fb21ff7224e2704102b6ef59e"},
    {file = "pycryptodome-3.14.1-cp27-cp27mu-manylinux2010_i686.whl", hash = "sha256:2562de213960693b6d657098505fd4493c45f3429304da67efcbeb61f0edfe89"},
    {file = "pycryptodome-3.14.1-cp27-cp27mu-manylinux2010_x86_64.whl", hash = "sha256:d1b7739b68a032ad14c5e51f7e4e1a5f92f3628bba024a2bda1f30c481fc85d8"},
    {file = "pycryptodome-3.14.1-cp27-cp27mu-manylinux2014_aarch64.whl", hash = "sha256:27e92c1293afcb8d2639baf7eb43f4baada86e4de0f1fb22312bfc989b95dae2"},
    {file = "pycryptodome-3.14.1-cp35-abi3-macosx_10_9_x86_64.whl", hash = "sha256:f2772af1c3ef8025c85335f8b828d0193fa1e43256621f613280e2c81bfad423"},
    {file = "pycryptodome-3.14.1-cp35-abi3-manylinux1_i686.whl", hash = "sha256:9ec761a35dbac4a99dcbc5cd557e6e57432ddf3e17af8c3c86b44af9da0189c0"},
    {file = "pycryptodome-3.14.1-cp35-abi3-manylinux1_x86_64.whl", hash = "sha256:e64738207a02a83590df35f59d708bf1e7ea0d6adce712a777be2967e5f7043c"},
    {file = "pycryptodome-3.14.1-cp35-abi3-manylinux2010_i686.whl", hash = "sha256:e24d4ec4b029611359566c52f31af45c5aecde7ef90bf8f31620fd44c438efe7"},
    {file = "pycryptodome-3.14.1-cp35-abi3-manylinux2010_x86_64.whl", hash = "sha256:8b5c28058102e2974b9868d72ae5144128485d466ba8739abd674b77971454cc"},
    {file = "pycryptodome-3.14.1-cp35-abi3-manylinux2014_aarch64.whl", hash = "sha256:924b6aad5386fb54f2645f22658cb0398b1f25bc1e714a6d1522c75d527deaa5"},
    {file = "pycryptodome-3.14.1-cp35-abi3-win32.whl", hash = "sha256:53dedbd2a6a0b02924718b520a723e88bcf22e37076191eb9b91b79934fb2192"},
    {file = "pycryptodome-3.14.1-cp35-abi3-win_amd64.whl", hash = "sha256:ea56a35fd0d13121417d39a83f291017551fa2c62d6daa6b04af6ece7ed30d84"},
    {file = "pycryptodome-3.14.1-pp27-pypy_73-macosx_10_9_x86_64.whl", hash = "sha256:028dcbf62d128b4335b61c9fbb7dd8c376594db607ef36d5721ee659719935d5"},
    {file = "pycryptodome-3.14.1-pp27-pypy_73-manylinux1_x86_64.whl", hash = "sha256:69f05aaa90c99ac2f2af72d8d7f185f729721ad7c4be89e9e3d0ab101b0ee875"},
    {file = "pycryptodome-3.14.1-pp27-pypy_73-manylinux2010_x86_64.whl", hash = "sha256:12ef157eb1e01a157ca43eda275fa68f8db0dd2792bc4fe00479ab8f0e6ae075"},
    {file = "pycryptodome-3.14.1-pp27-pypy_73-win32.whl", hash = "sha256:f572a3ff7b6029dd9b904d6be4e0ce9e309dcb847b03e3ac8698d9d23bb36525"},
    {file = "pycryptodome-3.14.1-pp36-pypy36_pp73-macosx_10_9_x86_64.whl", hash = "sha256:9924248d6920b59c260adcae3ee231cd5af404ac706ad30aa4cd87051bf09c50"},
    {file = "pycryptodome-3.14.1-pp36-pypy36_pp73-manylinux1_x86_64.whl", hash = "sha256:e0c04c41e9ade19fbc0eff6aacea40b831bfcb2c91c266137bcdfd0d7b2f33ba"},
    {file = "pycryptodome-3.14.1-pp36-pypy36_pp73-manylinux2010_x86_64.whl", hash = "sha256:893f32210de74b9f8ac869ed66c97d04e7d351182d6d39ebd3b36d3db8bda65d"},
    {file = "pycryptodome-3.14.1-pp36-pypy36_pp73-win32.whl", hash = "sha256:7fb90a5000cc9c9ff34b4d99f7f039e9c3477700e309ff234eafca7b7471afc0"},
    {file = "pycryptodome-3.14.1.tar.gz", hash = "sha256:e04e40a7f8c1669195536a37979dd87da2c32dbdc73d6fe35f0077b0c17c803b"},
]
